// !$*UTF8*$!
{
	archiveVersion = 1;
	classes = {
	};
	objectVersion = 46;
	objects = {

/* Begin PBXBuildFile section */
		581C02FC18F5E835002F9B90 /* Foundation.framework in Frameworks */ = {isa = PBXBuildFile; fileRef = 581C02FB18F5E835002F9B90 /* Foundation.framework */; };
		581C02FE18F5E836002F9B90 /* CoreGraphics.framework in Frameworks */ = {isa = PBXBuildFile; fileRef = 581C02FD18F5E836002F9B90 /* CoreGraphics.framework */; };
		581C030018F5E836002F9B90 /* UIKit.framework in Frameworks */ = {isa = PBXBuildFile; fileRef = 581C02FF18F5E836002F9B90 /* UIKit.framework */; };
		581C030618F5E836002F9B90 /* InfoPlist.strings in Resources */ = {isa = PBXBuildFile; fileRef = 581C030418F5E836002F9B90 /* InfoPlist.strings */; };
		581C030818F5E836002F9B90 /* main.m in Sources */ = {isa = PBXBuildFile; fileRef = 581C030718F5E836002F9B90 /* main.m */; };
		581C030C18F5E836002F9B90 /* AppDelegate.m in Sources */ = {isa = PBXBuildFile; fileRef = 581C030B18F5E836002F9B90 /* AppDelegate.m */; };
		581C030F18F5E836002F9B90 /* Main.storyboard in Resources */ = {isa = PBXBuildFile; fileRef = 581C030D18F5E836002F9B90 /* Main.storyboard */; };
		581C031218F5E836002F9B90 /* ViewController.m in Sources */ = {isa = PBXBuildFile; fileRef = 581C031118F5E836002F9B90 /* ViewController.m */; };
		581C031418F5E836002F9B90 /* Images.xcassets in Resources */ = {isa = PBXBuildFile; fileRef = 581C031318F5E836002F9B90 /* Images.xcassets */; };
		581C031B18F5E836002F9B90 /* XCTest.framework in Frameworks */ = {isa = PBXBuildFile; fileRef = 581C031A18F5E836002F9B90 /* XCTest.framework */; };
		581C031C18F5E836002F9B90 /* Foundation.framework in Frameworks */ = {isa = PBXBuildFile; fileRef = 581C02FB18F5E835002F9B90 /* Foundation.framework */; };
		581C031D18F5E836002F9B90 /* UIKit.framework in Frameworks */ = {isa = PBXBuildFile; fileRef = 581C02FF18F5E836002F9B90 /* UIKit.framework */; };
		581C032518F5E836002F9B90 /* InfoPlist.strings in Resources */ = {isa = PBXBuildFile; fileRef = 581C032318F5E836002F9B90 /* InfoPlist.strings */; };
		581C032718F5E836002F9B90 /* AutoSynthTests.m in Sources */ = {isa = PBXBuildFile; fileRef = 581C032618F5E836002F9B90 /* AutoSynthTests.m */; };
/* End PBXBuildFile section */

/* Begin PBXContainerItemProxy section */
		581C031E18F5E836002F9B90 /* PBXContainerItemProxy */ = {
			isa = PBXContainerItemProxy;
			containerPortal = 581C02F018F5E835002F9B90 /* Project object */;
			proxyType = 1;
			remoteGlobalIDString = 581C02F718F5E835002F9B90;
			remoteInfo = AutoSynth;
		};
/* End PBXContainerItemProxy section */

/* Begin PBXFileReference section */
		581C02F818F5E835002F9B90 /* AutoSynth.app */ = {isa = PBXFileReference; explicitFileType = wrapper.application; includeInIndex = 0; path = AutoSynth.app; sourceTree = BUILT_PRODUCTS_DIR; };
		581C02FB18F5E835002F9B90 /* Foundation.framework */ = {isa = PBXFileReference; lastKnownFileType = wrapper.framework; name = Foundation.framework; path = System/Library/Frameworks/Foundation.framework; sourceTree = SDKROOT; };
		581C02FD18F5E836002F9B90 /* CoreGraphics.framework */ = {isa = PBXFileReference; lastKnownFileType = wrapper.framework; name = CoreGraphics.framework; path = System/Library/Frameworks/CoreGraphics.framework; sourceTree = SDKROOT; };
		581C02FF18F5E836002F9B90 /* UIKit.framework */ = {isa = PBXFileReference; lastKnownFileType = wrapper.framework; name = UIKit.framework; path = System/Library/Frameworks/UIKit.framework; sourceTree = SDKROOT; };
		581C030318F5E836002F9B90 /* AutoSynth-Info.plist */ = {isa = PBXFileReference; lastKnownFileType = text.plist.xml; path = "AutoSynth-Info.plist"; sourceTree = "<group>"; };
		581C030518F5E836002F9B90 /* en */ = {isa = PBXFileReference; lastKnownFileType = text.plist.strings; name = en; path = en.lproj/InfoPlist.strings; sourceTree = "<group>"; };
		581C030718F5E836002F9B90 /* main.m */ = {isa = PBXFileReference; lastKnownFileType = sourcecode.c.objc; path = main.m; sourceTree = "<group>"; };
		581C030918F5E836002F9B90 /* AutoSynth-Prefix.pch */ = {isa = PBXFileReference; lastKnownFileType = sourcecode.c.h; path = "AutoSynth-Prefix.pch"; sourceTree = "<group>"; };
		581C030A18F5E836002F9B90 /* AppDelegate.h */ = {isa = PBXFileReference; lastKnownFileType = sourcecode.c.h; path = AppDelegate.h; sourceTree = "<group>"; };
		581C030B18F5E836002F9B90 /* AppDelegate.m */ = {isa = PBXFileReference; lastKnownFileType = sourcecode.c.objc; path = AppDelegate.m; sourceTree = "<group>"; };
		581C030E18F5E836002F9B90 /* Base */ = {isa = PBXFileReference; lastKnownFileType = file.storyboard; name = Base; path = Base.lproj/Main.storyboard; sourceTree = "<group>"; };
		581C031018F5E836002F9B90 /* ViewController.h */ = {isa = PBXFileReference; lastKnownFileType = sourcecode.c.h; path = ViewController.h; sourceTree = "<group>"; };
		581C031118F5E836002F9B90 /* ViewController.m */ = {isa = PBXFileReference; lastKnownFileType = sourcecode.c.objc; path = ViewController.m; sourceTree = "<group>"; };
		581C031318F5E836002F9B90 /* Images.xcassets */ = {isa = PBXFileReference; lastKnownFileType = folder.assetcatalog; path = Images.xcassets; sourceTree = "<group>"; };
		581C031918F5E836002F9B90 /* AutoSynthTests.xctest */ = {isa = PBXFileReference; explicitFileType = wrapper.cfbundle; includeInIndex = 0; path = AutoSynthTests.xctest; sourceTree = BUILT_PRODUCTS_DIR; };
		581C031A18F5E836002F9B90 /* XCTest.framework */ = {isa = PBXFileReference; lastKnownFileType = wrapper.framework; name = XCTest.framework; path = Library/Frameworks/XCTest.framework; sourceTree = DEVELOPER_DIR; };
		581C032218F5E836002F9B90 /* AutoSynthTests-Info.plist */ = {isa = PBXFileReference; lastKnownFileType = text.plist.xml; path = "AutoSynthTests-Info.plist"; sourceTree = "<group>"; };
		581C032418F5E836002F9B90 /* en */ = {isa = PBXFileReference; lastKnownFileType = text.plist.strings; name = en; path = en.lproj/InfoPlist.strings; sourceTree = "<group>"; };
		581C032618F5E836002F9B90 /* AutoSynthTests.m */ = {isa = PBXFileReference; lastKnownFileType = sourcecode.c.objc; path = AutoSynthTests.m; sourceTree = "<group>"; };
/* End PBXFileReference section */

/* Begin PBXFrameworksBuildPhase section */
		581C02F518F5E835002F9B90 /* Frameworks */ = {
			isa = PBXFrameworksBuildPhase;
			buildActionMask = 2147483647;
			files = (
				581C02FE18F5E836002F9B90 /* CoreGraphics.framework in Frameworks */,
				581C030018F5E836002F9B90 /* UIKit.framework in Frameworks */,
				581C02FC18F5E835002F9B90 /* Foundation.framework in Frameworks */,
			);
			runOnlyForDeploymentPostprocessing = 0;
		};
		581C031618F5E836002F9B90 /* Frameworks */ = {
			isa = PBXFrameworksBuildPhase;
			buildActionMask = 2147483647;
			files = (
				581C031B18F5E836002F9B90 /* XCTest.framework in Frameworks */,
				581C031D18F5E836002F9B90 /* UIKit.framework in Frameworks */,
				581C031C18F5E836002F9B90 /* Foundation.framework in Frameworks */,
			);
			runOnlyForDeploymentPostprocessing = 0;
		};
/* End PBXFrameworksBuildPhase section */

/* Begin PBXGroup section */
		581C02EF18F5E835002F9B90 = {
			isa = PBXGroup;
			children = (
				581C030118F5E836002F9B90 /* AutoSynth */,
				581C032018F5E836002F9B90 /* AutoSynthTests */,
				581C02FA18F5E835002F9B90 /* Frameworks */,
				581C02F918F5E835002F9B90 /* Products */,
			);
			sourceTree = "<group>";
		};
		581C02F918F5E835002F9B90 /* Products */ = {
			isa = PBXGroup;
			children = (
				581C02F818F5E835002F9B90 /* AutoSynth.app */,
				581C031918F5E836002F9B90 /* AutoSynthTests.xctest */,
			);
			name = Products;
			sourceTree = "<group>";
		};
		581C02FA18F5E835002F9B90 /* Frameworks */ = {
			isa = PBXGroup;
			children = (
				581C02FB18F5E835002F9B90 /* Foundation.framework */,
				581C02FD18F5E836002F9B90 /* CoreGraphics.framework */,
				581C02FF18F5E836002F9B90 /* UIKit.framework */,
				581C031A18F5E836002F9B90 /* XCTest.framework */,
			);
			name = Frameworks;
			sourceTree = "<group>";
		};
		581C030118F5E836002F9B90 /* AutoSynth */ = {
			isa = PBXGroup;
			children = (
				581C030A18F5E836002F9B90 /* AppDelegate.h */,
				581C030B18F5E836002F9B90 /* AppDelegate.m */,
				581C030D18F5E836002F9B90 /* Main.storyboard */,
				581C031018F5E836002F9B90 /* ViewController.h */,
				581C031118F5E836002F9B90 /* ViewController.m */,
				581C031318F5E836002F9B90 /* Images.xcassets */,
				581C030218F5E836002F9B90 /* Supporting Files */,
			);
			path = AutoSynth;
			sourceTree = "<group>";
		};
		581C030218F5E836002F9B90 /* Supporting Files */ = {
			isa = PBXGroup;
			children = (
				581C030318F5E836002F9B90 /* AutoSynth-Info.plist */,
				581C030418F5E836002F9B90 /* InfoPlist.strings */,
				581C030718F5E836002F9B90 /* main.m */,
				581C030918F5E836002F9B90 /* AutoSynth-Prefix.pch */,
			);
			name = "Supporting Files";
			sourceTree = "<group>";
		};
		581C032018F5E836002F9B90 /* AutoSynthTests */ = {
			isa = PBXGroup;
			children = (
				581C032618F5E836002F9B90 /* AutoSynthTests.m */,
				581C032118F5E836002F9B90 /* Supporting Files */,
			);
			path = AutoSynthTests;
			sourceTree = "<group>";
		};
		581C032118F5E836002F9B90 /* Supporting Files */ = {
			isa = PBXGroup;
			children = (
				581C032218F5E836002F9B90 /* AutoSynthTests-Info.plist */,
				581C032318F5E836002F9B90 /* InfoPlist.strings */,
			);
			name = "Supporting Files";
			sourceTree = "<group>";
		};
/* End PBXGroup section */

/* Begin PBXNativeTarget section */
		581C02F718F5E835002F9B90 /* AutoSynth */ = {
			isa = PBXNativeTarget;
			buildConfigurationList = 581C032A18F5E836002F9B90 /* Build configuration list for PBXNativeTarget "AutoSynth" */;
			buildPhases = (
				581C02F418F5E835002F9B90 /* Sources */,
				581C02F518F5E835002F9B90 /* Frameworks */,
				581C02F618F5E835002F9B90 /* Resources */,
			);
			buildRules = (
			);
			dependencies = (
			);
			name = AutoSynth;
			productName = AutoSynth;
			productReference = 581C02F818F5E835002F9B90 /* AutoSynth.app */;
			productType = "com.apple.product-type.application";
		};
		581C031818F5E836002F9B90 /* AutoSynthTests */ = {
			isa = PBXNativeTarget;
			buildConfigurationList = 581C032D18F5E836002F9B90 /* Build configuration list for PBXNativeTarget "AutoSynthTests" */;
			buildPhases = (
				581C031518F5E836002F9B90 /* Sources */,
				581C031618F5E836002F9B90 /* Frameworks */,
				581C031718F5E836002F9B90 /* Resources */,
			);
			buildRules = (
			);
			dependencies = (
				581C031F18F5E836002F9B90 /* PBXTargetDependency */,
			);
			name = AutoSynthTests;
			productName = AutoSynthTests;
			productReference = 581C031918F5E836002F9B90 /* AutoSynthTests.xctest */;
			productType = "com.apple.product-type.bundle.unit-test";
		};
/* End PBXNativeTarget section */

/* Begin PBXProject section */
		581C02F018F5E835002F9B90 /* Project object */ = {
			isa = PBXProject;
			attributes = {
				LastUpgradeCheck = 0510;
				ORGANIZATIONNAME = DustyTech;
				TargetAttributes = {
					581C031818F5E836002F9B90 = {
						TestTargetID = 581C02F718F5E835002F9B90;
					};
				};
			};
			buildConfigurationList = 581C02F318F5E835002F9B90 /* Build configuration list for PBXProject "AutoSynth" */;
			compatibilityVersion = "Xcode 3.2";
			developmentRegion = English;
			hasScannedForEncodings = 0;
			knownRegions = (
				en,
				Base,
			);
			mainGroup = 581C02EF18F5E835002F9B90;
			productRefGroup = 581C02F918F5E835002F9B90 /* Products */;
			projectDirPath = "";
			projectRoot = "";
			targets = (
				581C02F718F5E835002F9B90 /* AutoSynth */,
				581C031818F5E836002F9B90 /* AutoSynthTests */,
			);
		};
/* End PBXProject section */

/* Begin PBXResourcesBuildPhase section */
		581C02F618F5E835002F9B90 /* Resources */ = {
			isa = PBXResourcesBuildPhase;
			buildActionMask = 2147483647;
			files = (
				581C031418F5E836002F9B90 /* Images.xcassets in Resources */,
				581C030618F5E836002F9B90 /* InfoPlist.strings in Resources */,
				581C030F18F5E836002F9B90 /* Main.storyboard in Resources */,
			);
			runOnlyForDeploymentPostprocessing = 0;
		};
		581C031718F5E836002F9B90 /* Resources */ = {
			isa = PBXResourcesBuildPhase;
			buildActionMask = 2147483647;
			files = (
				581C032518F5E836002F9B90 /* InfoPlist.strings in Resources */,
			);
			runOnlyForDeploymentPostprocessing = 0;
		};
/* End PBXResourcesBuildPhase section */

/* Begin PBXSourcesBuildPhase section */
		581C02F418F5E835002F9B90 /* Sources */ = {
			isa = PBXSourcesBuildPhase;
			buildActionMask = 2147483647;
			files = (
				581C031218F5E836002F9B90 /* ViewController.m in Sources */,
				581C030C18F5E836002F9B90 /* AppDelegate.m in Sources */,
				581C030818F5E836002F9B90 /* main.m in Sources */,
			);
			runOnlyForDeploymentPostprocessing = 0;
		};
		581C031518F5E836002F9B90 /* Sources */ = {
			isa = PBXSourcesBuildPhase;
			buildActionMask = 2147483647;
			files = (
				581C032718F5E836002F9B90 /* AutoSynthTests.m in Sources */,
			);
			runOnlyForDeploymentPostprocessing = 0;
		};
/* End PBXSourcesBuildPhase section */

/* Begin PBXTargetDependency section */
		581C031F18F5E836002F9B90 /* PBXTargetDependency */ = {
			isa = PBXTargetDependency;
			target = 581C02F718F5E835002F9B90 /* AutoSynth */;
			targetProxy = 581C031E18F5E836002F9B90 /* PBXContainerItemProxy */;
		};
/* End PBXTargetDependency section */

/* Begin PBXVariantGroup section */
		581C030418F5E836002F9B90 /* InfoPlist.strings */ = {
			isa = PBXVariantGroup;
			children = (
				581C030518F5E836002F9B90 /* en */,
			);
			name = InfoPlist.strings;
			sourceTree = "<group>";
		};
		581C030D18F5E836002F9B90 /* Main.storyboard */ = {
			isa = PBXVariantGroup;
			children = (
				581C030E18F5E836002F9B90 /* Base */,
			);
			name = Main.storyboard;
			sourceTree = "<group>";
		};
		581C032318F5E836002F9B90 /* InfoPlist.strings */ = {
			isa = PBXVariantGroup;
			children = (
				581C032418F5E836002F9B90 /* en */,
			);
			name = InfoPlist.strings;
			sourceTree = "<group>";
		};
/* End PBXVariantGroup section */

/* Begin XCBuildConfiguration section */
		581C032818F5E836002F9B90 /* Debug */ = {
			isa = XCBuildConfiguration;
			buildSettings = {
				ALWAYS_SEARCH_USER_PATHS = NO;
				CLANG_CXX_LANGUAGE_STANDARD = "gnu++0x";
				CLANG_CXX_LIBRARY = "libc++";
				CLANG_ENABLE_MODULES = YES;
				CLANG_ENABLE_OBJC_ARC = YES;
				CLANG_WARN_BOOL_CONVERSION = YES;
				CLANG_WARN_CONSTANT_CONVERSION = YES;
				CLANG_WARN_DIRECT_OBJC_ISA_USAGE = YES_ERROR;
				CLANG_WARN_EMPTY_BODY = YES;
				CLANG_WARN_ENUM_CONVERSION = YES;
				CLANG_WARN_INT_CONVERSION = YES;
				CLANG_WARN_OBJC_ROOT_CLASS = YES_ERROR;
				CLANG_WARN__DUPLICATE_METHOD_MATCH = YES;
				"CODE_SIGN_IDENTITY[sdk=iphoneos*]" = "iPhone Developer";
				COPY_PHASE_STRIP = NO;
				GCC_C_LANGUAGE_STANDARD = gnu99;
				GCC_DYNAMIC_NO_PIC = NO;
				GCC_OPTIMIZATION_LEVEL = 0;
				GCC_PREPROCESSOR_DEFINITIONS = (
					"DEBUG=1",
					"$(inherited)",
				);
				GCC_SYMBOLS_PRIVATE_EXTERN = NO;
				GCC_WARN_64_TO_32_BIT_CONVERSION = YES;
				GCC_WARN_ABOUT_RETURN_TYPE = YES_ERROR;
				GCC_WARN_UNDECLARED_SELECTOR = YES;
				GCC_WARN_UNINITIALIZED_AUTOS = YES_AGGRESSIVE;
				GCC_WARN_UNUSED_FUNCTION = YES;
				GCC_WARN_UNUSED_VARIABLE = YES;
				IPHONEOS_DEPLOYMENT_TARGET = 7.1;
				ONLY_ACTIVE_ARCH = YES;
				SDKROOT = iphoneos;
				TARGETED_DEVICE_FAMILY = 2;
			};
			name = Debug;
		};
		581C032918F5E836002F9B90 /* Release */ = {
			isa = XCBuildConfiguration;
			buildSettings = {
				ALWAYS_SEARCH_USER_PATHS = NO;
				CLANG_CXX_LANGUAGE_STANDARD = "gnu++0x";
				CLANG_CXX_LIBRARY = "libc++";
				CLANG_ENABLE_MODULES = YES;
				CLANG_ENABLE_OBJC_ARC = YES;
				CLANG_WARN_BOOL_CONVERSION = YES;
				CLANG_WARN_CONSTANT_CONVERSION = YES;
				CLANG_WARN_DIRECT_OBJC_ISA_USAGE = YES_ERROR;
				CLANG_WARN_EMPTY_BODY = YES;
				CLANG_WARN_ENUM_CONVERSION = YES;
				CLANG_WARN_INT_CONVERSION = YES;
				CLANG_WARN_OBJC_ROOT_CLASS = YES_ERROR;
				CLANG_WARN__DUPLICATE_METHOD_MATCH = YES;
				"CODE_SIGN_IDENTITY[sdk=iphoneos*]" = "iPhone Developer";
				COPY_PHASE_STRIP = YES;
				ENABLE_NS_ASSERTIONS = NO;
				GCC_C_LANGUAGE_STANDARD = gnu99;
				GCC_WARN_64_TO_32_BIT_CONVERSION = YES;
				GCC_WARN_ABOUT_RETURN_TYPE = YES_ERROR;
				GCC_WARN_UNDECLARED_SELECTOR = YES;
				GCC_WARN_UNINITIALIZED_AUTOS = YES_AGGRESSIVE;
				GCC_WARN_UNUSED_FUNCTION = YES;
				GCC_WARN_UNUSED_VARIABLE = YES;
				IPHONEOS_DEPLOYMENT_TARGET = 7.1;
				SDKROOT = iphoneos;
				TARGETED_DEVICE_FAMILY = 2;
				VALIDATE_PRODUCT = YES;
			};
			name = Release;
		};
		581C032B18F5E836002F9B90 /* Debug */ = {
			isa = XCBuildConfiguration;
			buildSettings = {
				ASSETCATALOG_COMPILER_APPICON_NAME = AppIcon;
				ASSETCATALOG_COMPILER_LAUNCHIMAGE_NAME = LaunchImage;
				GCC_PRECOMPILE_PREFIX_HEADER = YES;
				GCC_PREFIX_HEADER = "AutoSynth/AutoSynth-Prefix.pch";
				INFOPLIST_FILE = "AutoSynth/AutoSynth-Info.plist";
				PRODUCT_NAME = "$(TARGET_NAME)";
				WRAPPER_EXTENSION = app;
			};
			name = Debug;
		};
		581C032C18F5E836002F9B90 /* Release */ = {
			isa = XCBuildConfiguration;
			buildSettings = {
				ASSETCATALOG_COMPILER_APPICON_NAME = AppIcon;
				ASSETCATALOG_COMPILER_LAUNCHIMAGE_NAME = LaunchImage;
				GCC_PRECOMPILE_PREFIX_HEADER = YES;
				GCC_PREFIX_HEADER = "AutoSynth/AutoSynth-Prefix.pch";
				INFOPLIST_FILE = "AutoSynth/AutoSynth-Info.plist";
				PRODUCT_NAME = "$(TARGET_NAME)";
				WRAPPER_EXTENSION = app;
			};
			name = Release;
		};
		581C032E18F5E836002F9B90 /* Debug */ = {
			isa = XCBuildConfiguration;
			buildSettings = {
				BUNDLE_LOADER = "$(BUILT_PRODUCTS_DIR)/AutoSynth.app/AutoSynth";
				FRAMEWORK_SEARCH_PATHS = (
					"$(SDKROOT)/Developer/Library/Frameworks",
					"$(inherited)",
					"$(DEVELOPER_FRAMEWORKS_DIR)",
				);
				GCC_PRECOMPILE_PREFIX_HEADER = YES;
				GCC_PREFIX_HEADER = "AutoSynth/AutoSynth-Prefix.pch";
				GCC_PREPROCESSOR_DEFINITIONS = (
					"DEBUG=1",
					"$(inherited)",
				);
				INFOPLIST_FILE = "AutoSynthTests/AutoSynthTests-Info.plist";
				PRODUCT_NAME = "$(TARGET_NAME)";
				TEST_HOST = "$(BUNDLE_LOADER)";
				WRAPPER_EXTENSION = xctest;
			};
			name = Debug;
		};
		581C032F18F5E836002F9B90 /* Release */ = {
			isa = XCBuildConfiguration;
			buildSettings = {
				BUNDLE_LOADER = "$(BUILT_PRODUCTS_DIR)/AutoSynth.app/AutoSynth";
				FRAMEWORK_SEARCH_PATHS = (
					"$(SDKROOT)/Developer/Library/Frameworks",
					"$(inherited)",
					"$(DEVELOPER_FRAMEWORKS_DIR)",
				);
				GCC_PRECOMPILE_PREFIX_HEADER = YES;
				GCC_PREFIX_HEADER = "AutoSynth/AutoSynth-Prefix.pch";
				INFOPLIST_FILE = "AutoSynthTests/AutoSynthTests-Info.plist";
				PRODUCT_NAME = "$(TARGET_NAME)";
				TEST_HOST = "$(BUNDLE_LOADER)";
				WRAPPER_EXTENSION = xctest;
			};
			name = Release;
		};
/* End XCBuildConfiguration section */

/* Begin XCConfigurationList section */
		581C02F318F5E835002F9B90 /* Build configuration list for PBXProject "AutoSynth" */ = {
			isa = XCConfigurationList;
			buildConfigurations = (
				581C032818F5E836002F9B90 /* Debug */,
				581C032918F5E836002F9B90 /* Release */,
			);
			defaultConfigurationIsVisible = 0;
			defaultConfigurationName = Release;
		};
		581C032A18F5E836002F9B90 /* Build configuration list for PBXNativeTarget "AutoSynth" */ = {
			isa = XCConfigurationList;
			buildConfigurations = (
				581C032B18F5E836002F9B90 /* Debug */,
				581C032C18F5E836002F9B90 /* Release */,
			);
			defaultConfigurationIsVisible = 0;
		};
		581C032D18F5E836002F9B90 /* Build configuration list for PBXNativeTarget "AutoSynthTests" */ = {
			isa = XCConfigurationList;
			buildConfigurations = (
				581C032E18F5E836002F9B90 /* Debug */,
				581C032F18F5E836002F9B90 /* Release */,
			);
			defaultConfigurationIsVisible = 0;
		};
/* End XCConfigurationList section */
	};
	rootObject = 581C02F018F5E835002F9B90 /* Project object */;
}
